// !$*UTF8*$!
{
	archiveVersion = 1;
	classes = {
	};
	objectVersion = 46;
	objects = {

/* Begin PBXBuildFile section */
		0F6E05751BAF7CC4000CE6CC /* blockerList.json in Resources */ = {isa = PBXBuildFile; fileRef = 0F6E05731BAF7B03000CE6CC /* blockerList.json */; };
		0F7C7E321BAA9013005D85CD /* ShareViewController.swift in Sources */ = {isa = PBXBuildFile; fileRef = 0F7C7E2A1BAA9013005D85CD /* ShareViewController.swift */; settings = {ASSET_TAGS = (); }; };
		0F7C7E331BAA9013005D85CD /* TutorialStep.swift in Sources */ = {isa = PBXBuildFile; fileRef = 0F7C7E2B1BAA9013005D85CD /* TutorialStep.swift */; settings = {ASSET_TAGS = (); }; };
		0F7C7E341BAA9013005D85CD /* TutorialStepFour.swift in Sources */ = {isa = PBXBuildFile; fileRef = 0F7C7E2C1BAA9013005D85CD /* TutorialStepFour.swift */; settings = {ASSET_TAGS = (); }; };
		0F7C7E351BAA9013005D85CD /* TutorialStepOne.swift in Sources */ = {isa = PBXBuildFile; fileRef = 0F7C7E2D1BAA9013005D85CD /* TutorialStepOne.swift */; settings = {ASSET_TAGS = (); }; };
		0F7C7E361BAA9013005D85CD /* TutorialStepThree.swift in Sources */ = {isa = PBXBuildFile; fileRef = 0F7C7E2E1BAA9013005D85CD /* TutorialStepThree.swift */; settings = {ASSET_TAGS = (); }; };
		0F7C7E371BAA9013005D85CD /* TutorialStepTwo.swift in Sources */ = {isa = PBXBuildFile; fileRef = 0F7C7E2F1BAA9013005D85CD /* TutorialStepTwo.swift */; settings = {ASSET_TAGS = (); }; };
		0F7C7E381BAA9013005D85CD /* TutorialStepZero.swift in Sources */ = {isa = PBXBuildFile; fileRef = 0F7C7E301BAA9013005D85CD /* TutorialStepZero.swift */; settings = {ASSET_TAGS = (); }; };
		0F7C7E391BAA9013005D85CD /* TutorialViewController.swift in Sources */ = {isa = PBXBuildFile; fileRef = 0F7C7E311BAA9013005D85CD /* TutorialViewController.swift */; settings = {ASSET_TAGS = (); }; };
		0F7C7E471BAA9031005D85CD /* AntelopeColors.swift in Sources */ = {isa = PBXBuildFile; fileRef = 0F7C7E3B1BAA9031005D85CD /* AntelopeColors.swift */; settings = {ASSET_TAGS = (); }; };
		0F7C7E481BAA9031005D85CD /* AppDelegate.swift in Sources */ = {isa = PBXBuildFile; fileRef = 0F7C7E3C1BAA9031005D85CD /* AppDelegate.swift */; settings = {ASSET_TAGS = (); }; };
		0F7C7E491BAA9031005D85CD /* Assets.xcassets in Resources */ = {isa = PBXBuildFile; fileRef = 0F7C7E3D1BAA9031005D85CD /* Assets.xcassets */; settings = {ASSET_TAGS = (); }; };
		0F7C7E4A1BAA9031005D85CD /* Main.storyboard in Resources */ = {isa = PBXBuildFile; fileRef = 0F7C7E3F1BAA9031005D85CD /* Main.storyboard */; settings = {ASSET_TAGS = (); }; };
		0F7C7E4C1BAA9031005D85CD /* LaunchScreen.storyboard in Resources */ = {isa = PBXBuildFile; fileRef = 0F7C7E421BAA9031005D85CD /* LaunchScreen.storyboard */; settings = {ASSET_TAGS = (); }; };
		0F7C7E4D1BAA9031005D85CD /* MainViewController.swift in Sources */ = {isa = PBXBuildFile; fileRef = 0F7C7E431BAA9031005D85CD /* MainViewController.swift */; settings = {ASSET_TAGS = (); }; };
		0F7C7E4F1BAA9031005D85CD /* ScrollViewController.swift in Sources */ = {isa = PBXBuildFile; fileRef = 0F7C7E461BAA9031005D85CD /* ScrollViewController.swift */; settings = {ASSET_TAGS = (); }; };
		0F7C7E931BAA9456005D85CD /* SafariServices.framework in Frameworks */ = {isa = PBXBuildFile; fileRef = 0F053E821B94066F00A9EFBC /* SafariServices.framework */; settings = {ASSET_TAGS = (); }; };
		0FCC48E01BAA9F1300A46C4B /* Block Ads.appex in Embed App Extensions */ = {isa = PBXBuildFile; fileRef = 0FCC48D71BAA9F1200A46C4B /* Block Ads.appex */; settings = {ATTRIBUTES = (RemoveHeadersOnCopy, ); }; };
		0FCC48E71BAA9F5500A46C4B /* ActionRequestHandler.swift in Sources */ = {isa = PBXBuildFile; fileRef = 0FCC48E51BAA9F5500A46C4B /* ActionRequestHandler.swift */; settings = {ASSET_TAGS = (); }; };
		D40679981BD3178900560CDE /* Bolts.framework in Frameworks */ = {isa = PBXBuildFile; fileRef = D40679971BD3178900560CDE /* Bolts.framework */; };
		D406799A1BD3179C00560CDE /* FBAudienceNetwork.framework in Frameworks */ = {isa = PBXBuildFile; fileRef = D40679991BD3179C00560CDE /* FBAudienceNetwork.framework */; };
		D406799D1BD317D600560CDE /* FBSDKCoreKit.framework in Frameworks */ = {isa = PBXBuildFile; fileRef = D406799C1BD317D600560CDE /* FBSDKCoreKit.framework */; };
		D406799F1BD317DE00560CDE /* FBSDKLoginKit.framework in Frameworks */ = {isa = PBXBuildFile; fileRef = D406799E1BD317DE00560CDE /* FBSDKLoginKit.framework */; };
		D40679A11BD317E500560CDE /* FBSDKMessengerShareKit.framework in Frameworks */ = {isa = PBXBuildFile; fileRef = D40679A01BD317E500560CDE /* FBSDKMessengerShareKit.framework */; };
		D40679A31BD317EB00560CDE /* FBSDKShareKit.framework in Frameworks */ = {isa = PBXBuildFile; fileRef = D40679A21BD317EB00560CDE /* FBSDKShareKit.framework */; };
		D418E45B1BD4B3A600BA86FF /* MessageComposer.swift in Sources */ = {isa = PBXBuildFile; fileRef = D418E45A1BD4B3A600BA86FF /* MessageComposer.swift */; settings = {ASSET_TAGS = (); }; };
		D42182C21BDF5AEE00999B19 /* Defaults.plist in Resources */ = {isa = PBXBuildFile; fileRef = D42182C11BDF5AEE00999B19 /* Defaults.plist */; settings = {ASSET_TAGS = (); }; };
		D42182C41BDF5B4E00999B19 /* Constants.swift in Sources */ = {isa = PBXBuildFile; fileRef = D42182C31BDF5B4E00999B19 /* Constants.swift */; settings = {ASSET_TAGS = (); }; };
		D42182C71BDF64D400999B19 /* Constants.swift in Sources */ = {isa = PBXBuildFile; fileRef = D42182C31BDF5B4E00999B19 /* Constants.swift */; };
		D42182C91BDF66FA00999B19 /* noopList.json in Resources */ = {isa = PBXBuildFile; fileRef = D42182C81BDF66FA00999B19 /* noopList.json */; settings = {ASSET_TAGS = (); }; };
		D42182CA1BDF708600999B19 /* noopList.json in Resources */ = {isa = PBXBuildFile; fileRef = D42182C81BDF66FA00999B19 /* noopList.json */; };
		D458968F1BDD890800B334DD /* NotificationSetupFlowController.swift in Sources */ = {isa = PBXBuildFile; fileRef = D458968E1BDD890800B334DD /* NotificationSetupFlowController.swift */; settings = {ASSET_TAGS = (); }; };
		D4D68FF51BE33DD9008CFDEC /* TrialStateViewController.swift in Sources */ = {isa = PBXBuildFile; fileRef = D4D68FF41BE33DD9008CFDEC /* TrialStateViewController.swift */; settings = {ASSET_TAGS = (); }; };
		D4D68FF71BE434A6008CFDEC /* PreNotificationPrompt.swift in Sources */ = {isa = PBXBuildFile; fileRef = D4D68FF61BE434A6008CFDEC /* PreNotificationPrompt.swift */; settings = {ASSET_TAGS = (); }; };
		D4D68FF91BE59B45008CFDEC /* User.swift in Sources */ = {isa = PBXBuildFile; fileRef = D4D68FF81BE59B45008CFDEC /* User.swift */; settings = {ASSET_TAGS = (); }; };
/* End PBXBuildFile section */

/* Begin PBXContainerItemProxy section */
		0FCC48DE1BAA9F1300A46C4B /* PBXContainerItemProxy */ = {
			isa = PBXContainerItemProxy;
			containerPortal = 0F053E2C1B93D03000A9EFBC /* Project object */;
			proxyType = 1;
			remoteGlobalIDString = 0FCC48D61BAA9F1200A46C4B;
			remoteInfo = "Block-Ads";
		};
/* End PBXContainerItemProxy section */

/* Begin PBXCopyFilesBuildPhase section */
		0F7C7EC11BAA9D22005D85CD /* Embed App Extensions */ = {
			isa = PBXCopyFilesBuildPhase;
			buildActionMask = 2147483647;
			dstPath = "";
			dstSubfolderSpec = 13;
			files = (
				0FCC48E01BAA9F1300A46C4B /* Block Ads.appex in Embed App Extensions */,
			);
			name = "Embed App Extensions";
			runOnlyForDeploymentPostprocessing = 0;
		};
/* End PBXCopyFilesBuildPhase section */

/* Begin PBXFileReference section */
		0F053E341B93D03000A9EFBC /* Antelope.app */ = {isa = PBXFileReference; explicitFileType = wrapper.application; includeInIndex = 0; path = Antelope.app; sourceTree = BUILT_PRODUCTS_DIR; };
		0F053E821B94066F00A9EFBC /* SafariServices.framework */ = {isa = PBXFileReference; lastKnownFileType = wrapper.framework; name = SafariServices.framework; path = System/Library/Frameworks/SafariServices.framework; sourceTree = SDKROOT; };
		0F6E05731BAF7B03000CE6CC /* blockerList.json */ = {isa = PBXFileReference; fileEncoding = 4; lastKnownFileType = text.json; path = blockerList.json; sourceTree = "<group>"; };
		0F7C7E2A1BAA9013005D85CD /* ShareViewController.swift */ = {isa = PBXFileReference; fileEncoding = 4; lastKnownFileType = sourcecode.swift; name = ShareViewController.swift; path = Antelope/ShareViewController.swift; sourceTree = SOURCE_ROOT; };
		0F7C7E2B1BAA9013005D85CD /* TutorialStep.swift */ = {isa = PBXFileReference; fileEncoding = 4; lastKnownFileType = sourcecode.swift; name = TutorialStep.swift; path = Antelope/TutorialStep.swift; sourceTree = SOURCE_ROOT; };
		0F7C7E2C1BAA9013005D85CD /* TutorialStepFour.swift */ = {isa = PBXFileReference; fileEncoding = 4; lastKnownFileType = sourcecode.swift; name = TutorialStepFour.swift; path = Antelope/TutorialStepFour.swift; sourceTree = SOURCE_ROOT; };
		0F7C7E2D1BAA9013005D85CD /* TutorialStepOne.swift */ = {isa = PBXFileReference; fileEncoding = 4; lastKnownFileType = sourcecode.swift; name = TutorialStepOne.swift; path = Antelope/TutorialStepOne.swift; sourceTree = SOURCE_ROOT; };
		0F7C7E2E1BAA9013005D85CD /* TutorialStepThree.swift */ = {isa = PBXFileReference; fileEncoding = 4; lastKnownFileType = sourcecode.swift; name = TutorialStepThree.swift; path = Antelope/TutorialStepThree.swift; sourceTree = SOURCE_ROOT; };
		0F7C7E2F1BAA9013005D85CD /* TutorialStepTwo.swift */ = {isa = PBXFileReference; fileEncoding = 4; lastKnownFileType = sourcecode.swift; name = TutorialStepTwo.swift; path = Antelope/TutorialStepTwo.swift; sourceTree = SOURCE_ROOT; };
		0F7C7E301BAA9013005D85CD /* TutorialStepZero.swift */ = {isa = PBXFileReference; fileEncoding = 4; lastKnownFileType = sourcecode.swift; name = TutorialStepZero.swift; path = Antelope/TutorialStepZero.swift; sourceTree = SOURCE_ROOT; };
		0F7C7E311BAA9013005D85CD /* TutorialViewController.swift */ = {isa = PBXFileReference; fileEncoding = 4; lastKnownFileType = sourcecode.swift; name = TutorialViewController.swift; path = Antelope/TutorialViewController.swift; sourceTree = SOURCE_ROOT; };
		0F7C7E3B1BAA9031005D85CD /* AntelopeColors.swift */ = {isa = PBXFileReference; fileEncoding = 4; lastKnownFileType = sourcecode.swift; name = AntelopeColors.swift; path = Antelope/AntelopeColors.swift; sourceTree = SOURCE_ROOT; };
		0F7C7E3C1BAA9031005D85CD /* AppDelegate.swift */ = {isa = PBXFileReference; fileEncoding = 4; lastKnownFileType = sourcecode.swift; name = AppDelegate.swift; path = Antelope/AppDelegate.swift; sourceTree = SOURCE_ROOT; };
		0F7C7E3D1BAA9031005D85CD /* Assets.xcassets */ = {isa = PBXFileReference; lastKnownFileType = folder.assetcatalog; name = Assets.xcassets; path = Antelope/Assets.xcassets; sourceTree = SOURCE_ROOT; };
		0F7C7E401BAA9031005D85CD /* Base */ = {isa = PBXFileReference; lastKnownFileType = file.storyboard; name = Base; path = Main.storyboard; sourceTree = "<group>"; };
		0F7C7E411BAA9031005D85CD /* Info.plist */ = {isa = PBXFileReference; fileEncoding = 4; lastKnownFileType = text.plist.xml; name = Info.plist; path = Antelope/Info.plist; sourceTree = SOURCE_ROOT; };
		0F7C7E421BAA9031005D85CD /* LaunchScreen.storyboard */ = {isa = PBXFileReference; fileEncoding = 4; lastKnownFileType = file.storyboard; name = LaunchScreen.storyboard; path = Antelope/LaunchScreen.storyboard; sourceTree = SOURCE_ROOT; };
		0F7C7E431BAA9031005D85CD /* MainViewController.swift */ = {isa = PBXFileReference; fileEncoding = 4; lastKnownFileType = sourcecode.swift; name = MainViewController.swift; path = Antelope/MainViewController.swift; sourceTree = SOURCE_ROOT; };
		0F7C7E461BAA9031005D85CD /* ScrollViewController.swift */ = {isa = PBXFileReference; fileEncoding = 4; lastKnownFileType = sourcecode.swift; name = ScrollViewController.swift; path = Antelope/ScrollViewController.swift; sourceTree = SOURCE_ROOT; };
		0FCC48D71BAA9F1200A46C4B /* Block Ads.appex */ = {isa = PBXFileReference; explicitFileType = "wrapper.app-extension"; includeInIndex = 0; path = "Block Ads.appex"; sourceTree = BUILT_PRODUCTS_DIR; };
		0FCC48DD1BAA9F1300A46C4B /* Info.plist */ = {isa = PBXFileReference; lastKnownFileType = text.plist.xml; path = Info.plist; sourceTree = "<group>"; };
		0FCC48E51BAA9F5500A46C4B /* ActionRequestHandler.swift */ = {isa = PBXFileReference; fileEncoding = 4; lastKnownFileType = sourcecode.swift; path = ActionRequestHandler.swift; sourceTree = "<group>"; };
		D40679971BD3178900560CDE /* Bolts.framework */ = {isa = PBXFileReference; lastKnownFileType = wrapper.framework; name = Bolts.framework; path = Frameworks/Bolts.framework; sourceTree = "<group>"; };
		D40679991BD3179C00560CDE /* FBAudienceNetwork.framework */ = {isa = PBXFileReference; lastKnownFileType = wrapper.framework; name = FBAudienceNetwork.framework; path = Frameworks/FBAudienceNetwork.framework; sourceTree = "<group>"; };
		D406799C1BD317D600560CDE /* FBSDKCoreKit.framework */ = {isa = PBXFileReference; lastKnownFileType = wrapper.framework; name = FBSDKCoreKit.framework; path = Frameworks/FBSDKCoreKit.framework; sourceTree = "<group>"; };
		D406799E1BD317DE00560CDE /* FBSDKLoginKit.framework */ = {isa = PBXFileReference; lastKnownFileType = wrapper.framework; name = FBSDKLoginKit.framework; path = Frameworks/FBSDKLoginKit.framework; sourceTree = "<group>"; };
		D40679A01BD317E500560CDE /* FBSDKMessengerShareKit.framework */ = {isa = PBXFileReference; lastKnownFileType = wrapper.framework; name = FBSDKMessengerShareKit.framework; path = Frameworks/FBSDKMessengerShareKit.framework; sourceTree = "<group>"; };
		D40679A21BD317EB00560CDE /* FBSDKShareKit.framework */ = {isa = PBXFileReference; lastKnownFileType = wrapper.framework; name = FBSDKShareKit.framework; path = Frameworks/FBSDKShareKit.framework; sourceTree = "<group>"; };
		D418E45A1BD4B3A600BA86FF /* MessageComposer.swift */ = {isa = PBXFileReference; fileEncoding = 4; lastKnownFileType = sourcecode.swift; name = MessageComposer.swift; path = Antelope/MessageComposer.swift; sourceTree = SOURCE_ROOT; };
		D42182B31BDE20AE00999B19 /* Allow Ads.appex */ = {isa = PBXFileReference; explicitFileType = "wrapper.app-extension"; includeInIndex = 0; path = "Allow Ads.appex"; sourceTree = BUILT_PRODUCTS_DIR; };
		D42182C01BDF5A9C00999B19 /* Antelope.entitlements */ = {isa = PBXFileReference; lastKnownFileType = text.xml; name = Antelope.entitlements; path = Antelope/Antelope.entitlements; sourceTree = SOURCE_ROOT; };
		D42182C11BDF5AEE00999B19 /* Defaults.plist */ = {isa = PBXFileReference; fileEncoding = 4; lastKnownFileType = text.plist.xml; name = Defaults.plist; path = Antelope/Defaults.plist; sourceTree = "<group>"; };
		D42182C31BDF5B4E00999B19 /* Constants.swift */ = {isa = PBXFileReference; fileEncoding = 4; lastKnownFileType = sourcecode.swift; name = Constants.swift; path = Antelope/Constants.swift; sourceTree = "<group>"; };
		D42182C61BDF5E0C00999B19 /* Block Ads.entitlements */ = {isa = PBXFileReference; lastKnownFileType = text.xml; path = "Block Ads.entitlements"; sourceTree = SOURCE_ROOT; };
		D42182C81BDF66FA00999B19 /* noopList.json */ = {isa = PBXFileReference; fileEncoding = 4; lastKnownFileType = text.json; path = noopList.json; sourceTree = "<group>"; };
		D458968E1BDD890800B334DD /* NotificationSetupFlowController.swift */ = {isa = PBXFileReference; fileEncoding = 4; lastKnownFileType = sourcecode.swift; name = NotificationSetupFlowController.swift; path = Antelope/NotificationSetupFlowController.swift; sourceTree = SOURCE_ROOT; };
		D4C116371BC63EAB00F5B2DE /* Base */ = {isa = PBXFileReference; lastKnownFileType = sourcecode.swift; name = Base; path = DashboardController.swift; sourceTree = "<group>"; };
		D4D68FF41BE33DD9008CFDEC /* TrialStateViewController.swift */ = {isa = PBXFileReference; fileEncoding = 4; lastKnownFileType = sourcecode.swift; name = TrialStateViewController.swift; path = Antelope/TrialStateViewController.swift; sourceTree = SOURCE_ROOT; };
		D4D68FF61BE434A6008CFDEC /* PreNotificationPrompt.swift */ = {isa = PBXFileReference; fileEncoding = 4; lastKnownFileType = sourcecode.swift; name = PreNotificationPrompt.swift; path = Antelope/PreNotificationPrompt.swift; sourceTree = SOURCE_ROOT; };
		D4D68FF81BE59B45008CFDEC /* User.swift */ = {isa = PBXFileReference; fileEncoding = 4; lastKnownFileType = sourcecode.swift; name = User.swift; path = Antelope/User.swift; sourceTree = SOURCE_ROOT; };
/* End PBXFileReference section */

/* Begin PBXFrameworksBuildPhase section */
		0F053E311B93D03000A9EFBC /* Frameworks */ = {
			isa = PBXFrameworksBuildPhase;
			buildActionMask = 2147483647;
			files = (
				D40679A31BD317EB00560CDE /* FBSDKShareKit.framework in Frameworks */,
				D40679A11BD317E500560CDE /* FBSDKMessengerShareKit.framework in Frameworks */,
				D406799F1BD317DE00560CDE /* FBSDKLoginKit.framework in Frameworks */,
				D406799D1BD317D600560CDE /* FBSDKCoreKit.framework in Frameworks */,
				D406799A1BD3179C00560CDE /* FBAudienceNetwork.framework in Frameworks */,
				D40679981BD3178900560CDE /* Bolts.framework in Frameworks */,
				0F7C7E931BAA9456005D85CD /* SafariServices.framework in Frameworks */,
			);
			runOnlyForDeploymentPostprocessing = 0;
		};
		0FCC48D41BAA9F1200A46C4B /* Frameworks */ = {
			isa = PBXFrameworksBuildPhase;
			buildActionMask = 2147483647;
			files = (
			);
			runOnlyForDeploymentPostprocessing = 0;
		};
		D42182B01BDE20AE00999B19 /* Frameworks */ = {
			isa = PBXFrameworksBuildPhase;
			buildActionMask = 2147483647;
			files = (
			);
			runOnlyForDeploymentPostprocessing = 0;
		};
/* End PBXFrameworksBuildPhase section */

/* Begin PBXGroup section */
		0F053E2B1B93D03000A9EFBC = {
			isa = PBXGroup;
			children = (
				D42182C11BDF5AEE00999B19 /* Defaults.plist */,
				D42182C31BDF5B4E00999B19 /* Constants.swift */,
				0F053E361B93D03000A9EFBC /* Antelope */,
				0FCC48D81BAA9F1300A46C4B /* Block Ads */,
				0F053E351B93D03000A9EFBC /* Products */,
			);
			sourceTree = "<group>";
		};
		0F053E351B93D03000A9EFBC /* Products */ = {
			isa = PBXGroup;
			children = (
				0F053E341B93D03000A9EFBC /* Antelope.app */,
				0FCC48D71BAA9F1200A46C4B /* Block Ads.appex */,
				D42182B31BDE20AE00999B19 /* Allow Ads.appex */,
			);
			name = Products;
			sourceTree = "<group>";
		};
		0F053E361B93D03000A9EFBC /* Antelope */ = {
			isa = PBXGroup;
			children = (
				D42182C01BDF5A9C00999B19 /* Antelope.entitlements */,
				D418E45A1BD4B3A600BA86FF /* MessageComposer.swift */,
				0F7C7E3B1BAA9031005D85CD /* AntelopeColors.swift */,
				0F7C7E3C1BAA9031005D85CD /* AppDelegate.swift */,
				D4D68FF81BE59B45008CFDEC /* User.swift */,
				0F7C7E421BAA9031005D85CD /* LaunchScreen.storyboard */,
				0F7C7E431BAA9031005D85CD /* MainViewController.swift */,
				D4D68FF41BE33DD9008CFDEC /* TrialStateViewController.swift */,
				D458968E1BDD890800B334DD /* NotificationSetupFlowController.swift */,
				0F7C7E461BAA9031005D85CD /* ScrollViewController.swift */,
				0F7C7E2A1BAA9013005D85CD /* ShareViewController.swift */,
				D4D68FF61BE434A6008CFDEC /* PreNotificationPrompt.swift */,
				0F7C7E311BAA9013005D85CD /* TutorialViewController.swift */,
				D4FF1E681B990BAA00712B70 /* TutorialSteps */,
				0F7C7E3E1BAA9031005D85CD /* Base.lproj */,
				0F7C7E411BAA9031005D85CD /* Info.plist */,
				0F7C7E3D1BAA9031005D85CD /* Assets.xcassets */,
				0F053E841B94067C00A9EFBC /* Frameworks */,
			);
			name = Antelope;
			path = AdShield;
			sourceTree = "<group>";
		};
		0F053E841B94067C00A9EFBC /* Frameworks */ = {
			isa = PBXGroup;
			children = (
				D406799C1BD317D600560CDE /* FBSDKCoreKit.framework */,
				D40679A21BD317EB00560CDE /* FBSDKShareKit.framework */,
				D40679A01BD317E500560CDE /* FBSDKMessengerShareKit.framework */,
				D406799E1BD317DE00560CDE /* FBSDKLoginKit.framework */,
				D40679991BD3179C00560CDE /* FBAudienceNetwork.framework */,
				D40679971BD3178900560CDE /* Bolts.framework */,
				D406799B1BD317AA00560CDE /* Facebook SDK-iOS9-20151007 */,
				0F053E821B94066F00A9EFBC /* SafariServices.framework */,
			);
			name = Frameworks;
			path = ..;
			sourceTree = "<group>";
		};
		0F7C7E3E1BAA9031005D85CD /* Base.lproj */ = {
			isa = PBXGroup;
			children = (
				0F7C7E3F1BAA9031005D85CD /* Main.storyboard */,
				D4C116361BC63EAB00F5B2DE /* DashboardController.swift */,
			);
			name = Base.lproj;
			path = Antelope/Base.lproj;
			sourceTree = SOURCE_ROOT;
		};
		0FCC48D81BAA9F1300A46C4B /* Block Ads */ = {
			isa = PBXGroup;
			children = (
				D42182C81BDF66FA00999B19 /* noopList.json */,
				D42182C61BDF5E0C00999B19 /* Block Ads.entitlements */,
				0F6E05731BAF7B03000CE6CC /* blockerList.json */,
				0FCC48E51BAA9F5500A46C4B /* ActionRequestHandler.swift */,
				0FCC48DD1BAA9F1300A46C4B /* Info.plist */,
			);
			name = "Block Ads";
			path = "Block-Ads";
			sourceTree = "<group>";
		};
		D406799B1BD317AA00560CDE /* Facebook SDK-iOS9-20151007 */ = {
			isa = PBXGroup;
			children = (
			);
			name = "Facebook SDK-iOS9-20151007";
			sourceTree = "<group>";
		};
		D4FF1E681B990BAA00712B70 /* TutorialSteps */ = {
			isa = PBXGroup;
			children = (
				0F7C7E2B1BAA9013005D85CD /* TutorialStep.swift */,
				0F7C7E2C1BAA9013005D85CD /* TutorialStepFour.swift */,
				0F7C7E2D1BAA9013005D85CD /* TutorialStepOne.swift */,
				0F7C7E2E1BAA9013005D85CD /* TutorialStepThree.swift */,
				0F7C7E2F1BAA9013005D85CD /* TutorialStepTwo.swift */,
				0F7C7E301BAA9013005D85CD /* TutorialStepZero.swift */,
			);
			name = TutorialSteps;
			sourceTree = "<group>";
		};
/* End PBXGroup section */

/* Begin PBXNativeTarget section */
		0F053E331B93D03000A9EFBC /* Antelope */ = {
			isa = PBXNativeTarget;
			buildConfigurationList = 0F053E5C1B93D03000A9EFBC /* Build configuration list for PBXNativeTarget "Antelope" */;
			buildPhases = (
				0F053E301B93D03000A9EFBC /* Sources */,
				0F053E311B93D03000A9EFBC /* Frameworks */,
				0F053E321B93D03000A9EFBC /* Resources */,
				0F7C7EC11BAA9D22005D85CD /* Embed App Extensions */,
			);
			buildRules = (
			);
			dependencies = (
				0FCC48DF1BAA9F1300A46C4B /* PBXTargetDependency */,
			);
			name = Antelope;
			productName = AdShield;
			productReference = 0F053E341B93D03000A9EFBC /* Antelope.app */;
			productType = "com.apple.product-type.application";
		};
		0FCC48D61BAA9F1200A46C4B /* Block Ads */ = {
			isa = PBXNativeTarget;
			buildConfigurationList = 0FCC48E11BAA9F1300A46C4B /* Build configuration list for PBXNativeTarget "Block Ads" */;
			buildPhases = (
				0FCC48D31BAA9F1200A46C4B /* Sources */,
				0FCC48D41BAA9F1200A46C4B /* Frameworks */,
				0FCC48D51BAA9F1200A46C4B /* Resources */,
			);
			buildRules = (
			);
			dependencies = (
			);
			name = "Block Ads";
			productName = "Block-Ads";
			productReference = 0FCC48D71BAA9F1200A46C4B /* Block Ads.appex */;
			productType = "com.apple.product-type.app-extension";
		};
		D42182B21BDE20AE00999B19 /* Allow Ads */ = {
			isa = PBXNativeTarget;
			buildConfigurationList = D42182BD1BDE20AE00999B19 /* Build configuration list for PBXNativeTarget "Allow Ads" */;
			buildPhases = (
				D42182AF1BDE20AE00999B19 /* Sources */,
				D42182B01BDE20AE00999B19 /* Frameworks */,
				D42182B11BDE20AE00999B19 /* Resources */,
			);
			buildRules = (
			);
			dependencies = (
			);
			name = "Allow Ads";
			productName = "Allow Ads";
			productReference = D42182B31BDE20AE00999B19 /* Allow Ads.appex */;
			productType = "com.apple.product-type.app-extension";
		};
/* End PBXNativeTarget section */

/* Begin PBXProject section */
		0F053E2C1B93D03000A9EFBC /* Project object */ = {
			isa = PBXProject;
			attributes = {
				LastSwiftUpdateCheck = 0700;
				LastUpgradeCheck = 0700;
				ORGANIZATIONNAME = AdShield;
				TargetAttributes = {
					0F053E331B93D03000A9EFBC = {
						CreatedOnToolsVersion = 7.0;
						DevelopmentTeam = VPTZL53UP2;
						SystemCapabilities = {
							com.apple.ApplicationGroups.iOS = {
								enabled = 1;
							};
							com.apple.BackgroundModes = {
								enabled = 1;
							};
							com.apple.Push = {
								enabled = 1;
							};
						};
					};
					0FCC48D61BAA9F1200A46C4B = {
						CreatedOnToolsVersion = 7.0;
						DevelopmentTeam = VPTZL53UP2;
						SystemCapabilities = {
							com.apple.ApplicationGroups.iOS = {
								enabled = 1;
							};
						};
					};
					D42182B21BDE20AE00999B19 = {
						CreatedOnToolsVersion = 7.0;
						DevelopmentTeam = VPTZL53UP2;
					};
				};
			};
			buildConfigurationList = 0F053E2F1B93D03000A9EFBC /* Build configuration list for PBXProject "Antelope" */;
			compatibilityVersion = "Xcode 3.2";
			developmentRegion = English;
			hasScannedForEncodings = 0;
			knownRegions = (
				en,
				Base,
			);
			mainGroup = 0F053E2B1B93D03000A9EFBC;
			productRefGroup = 0F053E351B93D03000A9EFBC /* Products */;
			projectDirPath = "";
			projectRoot = "";
			targets = (
				0F053E331B93D03000A9EFBC /* Antelope */,
				0FCC48D61BAA9F1200A46C4B /* Block Ads */,
				D42182B21BDE20AE00999B19 /* Allow Ads */,
			);
		};
/* End PBXProject section */

/* Begin PBXResourcesBuildPhase section */
		0F053E321B93D03000A9EFBC /* Resources */ = {
			isa = PBXResourcesBuildPhase;
			buildActionMask = 2147483647;
			files = (
				D42182C21BDF5AEE00999B19 /* Defaults.plist in Resources */,
				0F7C7E4A1BAA9031005D85CD /* Main.storyboard in Resources */,
				0F7C7E491BAA9031005D85CD /* Assets.xcassets in Resources */,
				0F7C7E4C1BAA9031005D85CD /* LaunchScreen.storyboard in Resources */,
				D42182C91BDF66FA00999B19 /* noopList.json in Resources */,
			);
			runOnlyForDeploymentPostprocessing = 0;
		};
		0FCC48D51BAA9F1200A46C4B /* Resources */ = {
			isa = PBXResourcesBuildPhase;
			buildActionMask = 2147483647;
			files = (
				D42182CA1BDF708600999B19 /* noopList.json in Resources */,
				0F6E05751BAF7CC4000CE6CC /* blockerList.json in Resources */,
			);
			runOnlyForDeploymentPostprocessing = 0;
		};
		D42182B11BDE20AE00999B19 /* Resources */ = {
			isa = PBXResourcesBuildPhase;
			buildActionMask = 2147483647;
			files = (
			);
			runOnlyForDeploymentPostprocessing = 0;
		};
/* End PBXResourcesBuildPhase section */

/* Begin PBXSourcesBuildPhase section */
		0F053E301B93D03000A9EFBC /* Sources */ = {
			isa = PBXSourcesBuildPhase;
			buildActionMask = 2147483647;
			files = (
				0F7C7E321BAA9013005D85CD /* ShareViewController.swift in Sources */,
				0F7C7E4D1BAA9031005D85CD /* MainViewController.swift in Sources */,
				0F7C7E331BAA9013005D85CD /* TutorialStep.swift in Sources */,
				0F7C7E381BAA9013005D85CD /* TutorialStepZero.swift in Sources */,
				D458968F1BDD890800B334DD /* NotificationSetupFlowController.swift in Sources */,
				D4D68FF51BE33DD9008CFDEC /* TrialStateViewController.swift in Sources */,
				D42182C41BDF5B4E00999B19 /* Constants.swift in Sources */,
				0F7C7E391BAA9013005D85CD /* TutorialViewController.swift in Sources */,
				0F7C7E351BAA9013005D85CD /* TutorialStepOne.swift in Sources */,
				0F7C7E4F1BAA9031005D85CD /* ScrollViewController.swift in Sources */,
				0F7C7E471BAA9031005D85CD /* AntelopeColors.swift in Sources */,
				0F7C7E371BAA9013005D85CD /* TutorialStepTwo.swift in Sources */,
				D418E45B1BD4B3A600BA86FF /* MessageComposer.swift in Sources */,
				D4D68FF71BE434A6008CFDEC /* PreNotificationPrompt.swift in Sources */,
				D4D68FF91BE59B45008CFDEC /* User.swift in Sources */,
				0F7C7E341BAA9013005D85CD /* TutorialStepFour.swift in Sources */,
				0F7C7E481BAA9031005D85CD /* AppDelegate.swift in Sources */,
				0F7C7E361BAA9013005D85CD /* TutorialStepThree.swift in Sources */,
			);
			runOnlyForDeploymentPostprocessing = 0;
		};
		0FCC48D31BAA9F1200A46C4B /* Sources */ = {
			isa = PBXSourcesBuildPhase;
			buildActionMask = 2147483647;
			files = (
				D42182C71BDF64D400999B19 /* Constants.swift in Sources */,
				0FCC48E71BAA9F5500A46C4B /* ActionRequestHandler.swift in Sources */,
			);
			runOnlyForDeploymentPostprocessing = 0;
		};
		D42182AF1BDE20AE00999B19 /* Sources */ = {
			isa = PBXSourcesBuildPhase;
			buildActionMask = 2147483647;
			files = (
			);
			runOnlyForDeploymentPostprocessing = 0;
		};
/* End PBXSourcesBuildPhase section */

/* Begin PBXTargetDependency section */
		0FCC48DF1BAA9F1300A46C4B /* PBXTargetDependency */ = {
			isa = PBXTargetDependency;
			target = 0FCC48D61BAA9F1200A46C4B /* Block Ads */;
			targetProxy = 0FCC48DE1BAA9F1300A46C4B /* PBXContainerItemProxy */;
		};
/* End PBXTargetDependency section */

/* Begin PBXVariantGroup section */
		0F7C7E3F1BAA9031005D85CD /* Main.storyboard */ = {
			isa = PBXVariantGroup;
			children = (
				0F7C7E401BAA9031005D85CD /* Base */,
			);
			name = Main.storyboard;
			sourceTree = "<group>";
		};
		D4C116361BC63EAB00F5B2DE /* DashboardController.swift */ = {
			isa = PBXVariantGroup;
			children = (
				D4C116371BC63EAB00F5B2DE /* Base */,
			);
			name = DashboardController.swift;
			sourceTree = "<group>";
		};
/* End PBXVariantGroup section */

/* Begin XCBuildConfiguration section */
		0F053E5A1B93D03000A9EFBC /* Debug */ = {
			isa = XCBuildConfiguration;
			buildSettings = {
				ALWAYS_SEARCH_USER_PATHS = NO;
				CLANG_CXX_LANGUAGE_STANDARD = "gnu++0x";
				CLANG_CXX_LIBRARY = "libc++";
				CLANG_ENABLE_MODULES = YES;
				CLANG_ENABLE_OBJC_ARC = YES;
				CLANG_WARN_BOOL_CONVERSION = YES;
				CLANG_WARN_CONSTANT_CONVERSION = YES;
				CLANG_WARN_DIRECT_OBJC_ISA_USAGE = YES_ERROR;
				CLANG_WARN_EMPTY_BODY = YES;
				CLANG_WARN_ENUM_CONVERSION = YES;
				CLANG_WARN_INT_CONVERSION = YES;
				CLANG_WARN_OBJC_ROOT_CLASS = YES_ERROR;
				CLANG_WARN_UNREACHABLE_CODE = YES;
				CLANG_WARN__DUPLICATE_METHOD_MATCH = YES;
				"CODE_SIGN_IDENTITY[sdk=iphoneos*]" = "iPhone Developer";
				CONFIGURATION_BUILD_DIR = "$(BUILD_DIR)/$(CONFIGURATION)$(EFFECTIVE_PLATFORM_NAME)";
				COPY_PHASE_STRIP = NO;
				DEBUG_INFORMATION_FORMAT = dwarf;
				ENABLE_STRICT_OBJC_MSGSEND = YES;
				ENABLE_TESTABILITY = YES;
				GCC_C_LANGUAGE_STANDARD = gnu99;
				GCC_DYNAMIC_NO_PIC = NO;
				GCC_NO_COMMON_BLOCKS = YES;
				GCC_OPTIMIZATION_LEVEL = 0;
				GCC_PREPROCESSOR_DEFINITIONS = (
					"DEBUG=1",
					"$(inherited)",
				);
				GCC_WARN_64_TO_32_BIT_CONVERSION = YES;
				GCC_WARN_ABOUT_RETURN_TYPE = YES_ERROR;
				GCC_WARN_UNDECLARED_SELECTOR = YES;
				GCC_WARN_UNINITIALIZED_AUTOS = YES_AGGRESSIVE;
				GCC_WARN_UNUSED_FUNCTION = YES;
				GCC_WARN_UNUSED_VARIABLE = YES;
				IPHONEOS_DEPLOYMENT_TARGET = 9.0;
				MTL_ENABLE_DEBUG_INFO = YES;
				ONLY_ACTIVE_ARCH = YES;
				SDKROOT = iphoneos;
				SWIFT_OPTIMIZATION_LEVEL = "-Onone";
			};
			name = Debug;
		};
		0F053E5B1B93D03000A9EFBC /* Release */ = {
			isa = XCBuildConfiguration;
			buildSettings = {
				ALWAYS_SEARCH_USER_PATHS = NO;
				CLANG_CXX_LANGUAGE_STANDARD = "gnu++0x";
				CLANG_CXX_LIBRARY = "libc++";
				CLANG_ENABLE_MODULES = YES;
				CLANG_ENABLE_OBJC_ARC = YES;
				CLANG_WARN_BOOL_CONVERSION = YES;
				CLANG_WARN_CONSTANT_CONVERSION = YES;
				CLANG_WARN_DIRECT_OBJC_ISA_USAGE = YES_ERROR;
				CLANG_WARN_EMPTY_BODY = YES;
				CLANG_WARN_ENUM_CONVERSION = YES;
				CLANG_WARN_INT_CONVERSION = YES;
				CLANG_WARN_OBJC_ROOT_CLASS = YES_ERROR;
				CLANG_WARN_UNREACHABLE_CODE = YES;
				CLANG_WARN__DUPLICATE_METHOD_MATCH = YES;
				"CODE_SIGN_IDENTITY[sdk=iphoneos*]" = "iPhone Developer";
				COPY_PHASE_STRIP = NO;
				DEBUG_INFORMATION_FORMAT = "dwarf-with-dsym";
				ENABLE_NS_ASSERTIONS = NO;
				ENABLE_STRICT_OBJC_MSGSEND = YES;
				GCC_C_LANGUAGE_STANDARD = gnu99;
				GCC_NO_COMMON_BLOCKS = YES;
				GCC_WARN_64_TO_32_BIT_CONVERSION = YES;
				GCC_WARN_ABOUT_RETURN_TYPE = YES_ERROR;
				GCC_WARN_UNDECLARED_SELECTOR = YES;
				GCC_WARN_UNINITIALIZED_AUTOS = YES_AGGRESSIVE;
				GCC_WARN_UNUSED_FUNCTION = YES;
				GCC_WARN_UNUSED_VARIABLE = YES;
				IPHONEOS_DEPLOYMENT_TARGET = 9.0;
				MTL_ENABLE_DEBUG_INFO = NO;
				SDKROOT = iphoneos;
				VALIDATE_PRODUCT = YES;
			};
			name = Release;
		};
		0F053E5D1B93D03000A9EFBC /* Debug */ = {
			isa = XCBuildConfiguration;
			buildSettings = {
				ARCHS = arm64;
				ASSETCATALOG_COMPILER_APPICON_NAME = AppIcon;
				CLANG_ENABLE_MODULES = YES;
				CODE_SIGN_ENTITLEMENTS = Antelope/Antelope.entitlements;
				CODE_SIGN_IDENTITY = "iPhone Developer";
				"CODE_SIGN_IDENTITY[sdk=iphoneos*]" = "iPhone Developer";
				EMBEDDED_CONTENT_CONTAINS_SWIFT = YES;
				FRAMEWORK_SEARCH_PATHS = (
					"$(inherited)",
					"$(PROJECT_DIR)",
					"$(PROJECT_DIR)/Frameworks",
					"$(PROJECT_DIR)/Antelope/Frameworks",
					"$(SDKROOT)/../../../../../../../../../Users/adamgluck/Desktop/Projects/AdShield/Antelope/Antelope/Frameworks",
				);
				INFOPLIST_FILE = Antelope/Info.plist;
				LD_RUNPATH_SEARCH_PATHS = "$(inherited) @executable_path/Frameworks @executable_path/../../Frameworks";
				PRODUCT_BUNDLE_IDENTIFIER = "com.antelope.Antelope-Ad-Blocker";
				PRODUCT_NAME = "$(TARGET_NAME)";
				PROVISIONING_PROFILE = "";
				"SWIFT_OBJC_BRIDGING_HEADER[arch=*]" = "/Users/jaelee/Projects/ios_projects/Antelope/Antelope-ios/Antelope/Antelope-Bridging-Header.h";
				SWIFT_OPTIMIZATION_LEVEL = "-Onone";
				TARGETED_DEVICE_FAMILY = 1;
				VALID_ARCHS = arm64;
			};
			name = Debug;
		};
		0F053E5E1B93D03000A9EFBC /* Release */ = {
			isa = XCBuildConfiguration;
			buildSettings = {
				ARCHS = arm64;
				ASSETCATALOG_COMPILER_APPICON_NAME = AppIcon;
				CLANG_ENABLE_MODULES = YES;
				CODE_SIGN_ENTITLEMENTS = Antelope/Antelope.entitlements;
				CODE_SIGN_IDENTITY = "iPhone Developer";
				"CODE_SIGN_IDENTITY[sdk=iphoneos*]" = "iPhone Developer";
				EMBEDDED_CONTENT_CONTAINS_SWIFT = YES;
				FRAMEWORK_SEARCH_PATHS = (
					"$(inherited)",
					"$(PROJECT_DIR)",
					"$(PROJECT_DIR)/Frameworks",
					"$(PROJECT_DIR)/Antelope/Frameworks",
					"$(SDKROOT)/../../../../../../../../../Users/adamgluck/Desktop/Projects/AdShield/Antelope/Antelope/Frameworks",
				);
				INFOPLIST_FILE = Antelope/Info.plist;
				LD_RUNPATH_SEARCH_PATHS = "$(inherited) @executable_path/Frameworks @executable_path/../../Frameworks";
				PRODUCT_BUNDLE_IDENTIFIER = "com.antelope.Antelope-Ad-Blocker";
				PRODUCT_NAME = "$(TARGET_NAME)";
				PROVISIONING_PROFILE = "";
				"SWIFT_OBJC_BRIDGING_HEADER[arch=*]" = "/Users/jaelee/Projects/ios_projects/Antelope/Antelope-ios/Antelope/Antelope-Bridging-Header.h";
				TARGETED_DEVICE_FAMILY = 1;
				VALID_ARCHS = arm64;
			};
			name = Release;
		};
		0FCC48E21BAA9F1300A46C4B /* Debug */ = {
			isa = XCBuildConfiguration;
			buildSettings = {
				ARCHS = "$(ARCHS_STANDARD_64_BIT)";
				CLANG_ENABLE_MODULES = YES;
				CODE_SIGN_ENTITLEMENTS = "Block Ads.entitlements";
				CODE_SIGN_IDENTITY = "iPhone Developer";
				"CODE_SIGN_IDENTITY[sdk=iphoneos*]" = "iPhone Developer";
				EMBEDDED_CONTENT_CONTAINS_SWIFT = NO;
				INFOPLIST_FILE = "Block-Ads/Info.plist";
				LD_RUNPATH_SEARCH_PATHS = "$(inherited) @executable_path/Frameworks @executable_path/../../Frameworks";
				PRODUCT_BUNDLE_IDENTIFIER = "com.antelope.Antelope-Ad-Blocker.Block-Ads";
				PRODUCT_NAME = "$(TARGET_NAME)";
				PROVISIONING_PROFILE = "";
				SKIP_INSTALL = YES;
				SWIFT_OPTIMIZATION_LEVEL = "-Onone";
				VALID_ARCHS = arm64;
			};
			name = Debug;
		};
		0FCC48E31BAA9F1300A46C4B /* Release */ = {
			isa = XCBuildConfiguration;
			buildSettings = {
				ARCHS = "$(ARCHS_STANDARD_64_BIT)";
				CLANG_ENABLE_MODULES = YES;
				CODE_SIGN_ENTITLEMENTS = "Block Ads.entitlements";
				CODE_SIGN_IDENTITY = "iPhone Developer";
				"CODE_SIGN_IDENTITY[sdk=iphoneos*]" = "iPhone Developer";
				EMBEDDED_CONTENT_CONTAINS_SWIFT = NO;
				INFOPLIST_FILE = "Block-Ads/Info.plist";
				LD_RUNPATH_SEARCH_PATHS = "$(inherited) @executable_path/Frameworks @executable_path/../../Frameworks";
				PRODUCT_BUNDLE_IDENTIFIER = "com.antelope.Antelope-Ad-Blocker.Block-Ads";
				PRODUCT_NAME = "$(TARGET_NAME)";
				PROVISIONING_PROFILE = "";
				SKIP_INSTALL = YES;
				VALID_ARCHS = arm64;
			};
			name = Release;
		};
		D42182BE1BDE20AE00999B19 /* Debug */ = {
			isa = XCBuildConfiguration;
			buildSettings = {
				ARCHS = "$(ARCHS_STANDARD_64_BIT)";
				CODE_SIGN_IDENTITY = "iPhone Developer";
				"CODE_SIGN_IDENTITY[sdk=iphoneos*]" = "iPhone Developer";
				INFOPLIST_FILE = "Allow Ads/Info.plist";
				LD_RUNPATH_SEARCH_PATHS = "$(inherited) @executable_path/Frameworks @executable_path/../../Frameworks";
				PRODUCT_BUNDLE_IDENTIFIER = "com.antelope.Antelope-Ad-Blocker.Allow-Ads";
				PRODUCT_NAME = "$(TARGET_NAME)";
				SKIP_INSTALL = YES;
			};
			name = Debug;
		};
		D42182BF1BDE20AE00999B19 /* Release */ = {
			isa = XCBuildConfiguration;
			buildSettings = {
				ARCHS = "$(ARCHS_STANDARD_64_BIT)";
				CODE_SIGN_IDENTITY = "iPhone Developer";
				"CODE_SIGN_IDENTITY[sdk=iphoneos*]" = "iPhone Developer";
				INFOPLIST_FILE = "Allow Ads/Info.plist";
				LD_RUNPATH_SEARCH_PATHS = "$(inherited) @executable_path/Frameworks @executable_path/../../Frameworks";
				PRODUCT_BUNDLE_IDENTIFIER = "com.antelope.Antelope-Ad-Blocker.Allow-Ads";
				PRODUCT_NAME = "$(TARGET_NAME)";
				SKIP_INSTALL = YES;
			};
			name = Release;
		};
/* End XCBuildConfiguration section */

/* Begin XCConfigurationList section */
		0F053E2F1B93D03000A9EFBC /* Build configuration list for PBXProject "Antelope" */ = {
			isa = XCConfigurationList;
			buildConfigurations = (
				0F053E5A1B93D03000A9EFBC /* Debug */,
				0F053E5B1B93D03000A9EFBC /* Release */,
			);
			defaultConfigurationIsVisible = 0;
			defaultConfigurationName = Release;
		};
		0F053E5C1B93D03000A9EFBC /* Build configuration list for PBXNativeTarget "Antelope" */ = {
			isa = XCConfigurationList;
			buildConfigurations = (
				0F053E5D1B93D03000A9EFBC /* Debug */,
				0F053E5E1B93D03000A9EFBC /* Release */,
			);
			defaultConfigurationIsVisible = 0;
			defaultConfigurationName = Release;
		};
		0FCC48E11BAA9F1300A46C4B /* Build configuration list for PBXNativeTarget "Block Ads" */ = {
			isa = XCConfigurationList;
			buildConfigurations = (
				0FCC48E21BAA9F1300A46C4B /* Debug */,
				0FCC48E31BAA9F1300A46C4B /* Release */,
			);
			defaultConfigurationIsVisible = 0;
			defaultConfigurationName = Release;
		};
		D42182BD1BDE20AE00999B19 /* Build configuration list for PBXNativeTarget "Allow Ads" */ = {
			isa = XCConfigurationList;
			buildConfigurations = (
				D42182BE1BDE20AE00999B19 /* Debug */,
				D42182BF1BDE20AE00999B19 /* Release */,
			);
			defaultConfigurationIsVisible = 0;
			defaultConfigurationName = Release;
		};
/* End XCConfigurationList section */
	};
	rootObject = 0F053E2C1B93D03000A9EFBC /* Project object */;
}
