// !$*UTF8*$!
{
	archiveVersion = 1;
	classes = {
	};
	objectVersion = 46;
	objects = {

/* Begin PBXBuildFile section */
		0F7C7E321BAA9013005D85CD /* ShareViewController.swift in Sources */ = {isa = PBXBuildFile; fileRef = 0F7C7E2A1BAA9013005D85CD /* ShareViewController.swift */; settings = {ASSET_TAGS = (); }; };
		0F7C7E331BAA9013005D85CD /* TutorialStep.swift in Sources */ = {isa = PBXBuildFile; fileRef = 0F7C7E2B1BAA9013005D85CD /* TutorialStep.swift */; settings = {ASSET_TAGS = (); }; };
		0F7C7E341BAA9013005D85CD /* TutorialStepFour.swift in Sources */ = {isa = PBXBuildFile; fileRef = 0F7C7E2C1BAA9013005D85CD /* TutorialStepFour.swift */; settings = {ASSET_TAGS = (); }; };
		0F7C7E351BAA9013005D85CD /* TutorialStepOne.swift in Sources */ = {isa = PBXBuildFile; fileRef = 0F7C7E2D1BAA9013005D85CD /* TutorialStepOne.swift */; settings = {ASSET_TAGS = (); }; };
		0F7C7E361BAA9013005D85CD /* TutorialStepThree.swift in Sources */ = {isa = PBXBuildFile; fileRef = 0F7C7E2E1BAA9013005D85CD /* TutorialStepThree.swift */; settings = {ASSET_TAGS = (); }; };
		0F7C7E371BAA9013005D85CD /* TutorialStepTwo.swift in Sources */ = {isa = PBXBuildFile; fileRef = 0F7C7E2F1BAA9013005D85CD /* TutorialStepTwo.swift */; settings = {ASSET_TAGS = (); }; };
		0F7C7E381BAA9013005D85CD /* TutorialStepZero.swift in Sources */ = {isa = PBXBuildFile; fileRef = 0F7C7E301BAA9013005D85CD /* TutorialStepZero.swift */; settings = {ASSET_TAGS = (); }; };
		0F7C7E391BAA9013005D85CD /* TutorialViewController.swift in Sources */ = {isa = PBXBuildFile; fileRef = 0F7C7E311BAA9013005D85CD /* TutorialViewController.swift */; settings = {ASSET_TAGS = (); }; };
		0F7C7E471BAA9031005D85CD /* AntelopeColors.swift in Sources */ = {isa = PBXBuildFile; fileRef = 0F7C7E3B1BAA9031005D85CD /* AntelopeColors.swift */; settings = {ASSET_TAGS = (); }; };
		0F7C7E481BAA9031005D85CD /* AppDelegate.swift in Sources */ = {isa = PBXBuildFile; fileRef = 0F7C7E3C1BAA9031005D85CD /* AppDelegate.swift */; settings = {ASSET_TAGS = (); }; };
		0F7C7E491BAA9031005D85CD /* Assets.xcassets in Resources */ = {isa = PBXBuildFile; fileRef = 0F7C7E3D1BAA9031005D85CD /* Assets.xcassets */; settings = {ASSET_TAGS = (); }; };
		0F7C7E4A1BAA9031005D85CD /* Main.storyboard in Resources */ = {isa = PBXBuildFile; fileRef = 0F7C7E3F1BAA9031005D85CD /* Main.storyboard */; settings = {ASSET_TAGS = (); }; };
		0F7C7E4C1BAA9031005D85CD /* LaunchScreen.storyboard in Resources */ = {isa = PBXBuildFile; fileRef = 0F7C7E421BAA9031005D85CD /* LaunchScreen.storyboard */; settings = {ASSET_TAGS = (); }; };
		0F7C7E4D1BAA9031005D85CD /* MainViewController.swift in Sources */ = {isa = PBXBuildFile; fileRef = 0F7C7E431BAA9031005D85CD /* MainViewController.swift */; settings = {ASSET_TAGS = (); }; };
		0F7C7E4F1BAA9031005D85CD /* ScrollViewController.swift in Sources */ = {isa = PBXBuildFile; fileRef = 0F7C7E461BAA9031005D85CD /* ScrollViewController.swift */; settings = {ASSET_TAGS = (); }; };
		0F7C7E931BAA9456005D85CD /* SafariServices.framework in Frameworks */ = {isa = PBXBuildFile; fileRef = 0F053E821B94066F00A9EFBC /* SafariServices.framework */; settings = {ASSET_TAGS = (); }; };
		0FCC48E01BAA9F1300A46C4B /* Block Ads.appex in Embed App Extensions */ = {isa = PBXBuildFile; fileRef = 0FCC48D71BAA9F1200A46C4B /* Block Ads.appex */; settings = {ATTRIBUTES = (RemoveHeadersOnCopy, ); }; };
		0FCC48E71BAA9F5500A46C4B /* ActionRequestHandler.swift in Sources */ = {isa = PBXBuildFile; fileRef = 0FCC48E51BAA9F5500A46C4B /* ActionRequestHandler.swift */; settings = {ASSET_TAGS = (); }; };
		0FCC48E81BAA9F5500A46C4B /* blockerList.json in Resources */ = {isa = PBXBuildFile; fileRef = 0FCC48E61BAA9F5500A46C4B /* blockerList.json */; settings = {ASSET_TAGS = (); }; };
		0FCC48F61BAA9FAA00A46C4B /* Block Trackers.appex in Embed App Extensions */ = {isa = PBXBuildFile; fileRef = 0FCC48ED1BAA9FAA00A46C4B /* Block Trackers.appex */; settings = {ATTRIBUTES = (RemoveHeadersOnCopy, ); }; };
		0FCC48FB1BAA9FCA00A46C4B /* privacyList.json in Resources */ = {isa = PBXBuildFile; fileRef = 0FCC48FA1BAA9FCA00A46C4B /* privacyList.json */; settings = {ASSET_TAGS = (); }; };
		0FCC48FD1BAA9FD100A46C4B /* ActionRequestHandler.swift in Sources */ = {isa = PBXBuildFile; fileRef = 0FCC48FC1BAA9FD100A46C4B /* ActionRequestHandler.swift */; settings = {ASSET_TAGS = (); }; };
		0FCC49051BAAA0C000A46C4B /* FBAudienceNetwork.framework in Frameworks */ = {isa = PBXBuildFile; fileRef = 0FCC48FF1BAAA0C000A46C4B /* FBAudienceNetwork.framework */; settings = {ASSET_TAGS = (); }; };
		0FCC49061BAAA0C000A46C4B /* FBSDKCoreKit.framework in Frameworks */ = {isa = PBXBuildFile; fileRef = 0FCC49001BAAA0C000A46C4B /* FBSDKCoreKit.framework */; settings = {ASSET_TAGS = (); }; };
		0FCC49071BAAA0C000A46C4B /* FBSDKLoginKit.framework in Frameworks */ = {isa = PBXBuildFile; fileRef = 0FCC49011BAAA0C000A46C4B /* FBSDKLoginKit.framework */; settings = {ASSET_TAGS = (); }; };
		0FCC49081BAAA0C000A46C4B /* FBSDKMessengerShareKit.framework in Frameworks */ = {isa = PBXBuildFile; fileRef = 0FCC49021BAAA0C000A46C4B /* FBSDKMessengerShareKit.framework */; settings = {ASSET_TAGS = (); }; };
		0FCC49091BAAA0C000A46C4B /* FBSDKShareKit.framework in Frameworks */ = {isa = PBXBuildFile; fileRef = 0FCC49031BAAA0C000A46C4B /* FBSDKShareKit.framework */; settings = {ASSET_TAGS = (); }; };
		0FCC490B1BAAA0C800A46C4B /* Bolts.framework in Frameworks */ = {isa = PBXBuildFile; fileRef = 0FCC490A1BAAA0C800A46C4B /* Bolts.framework */; settings = {ASSET_TAGS = (); }; };
		0FCC490D1BAAA20A00A46C4B /* FacebookSDKStrings.bundle in Resources */ = {isa = PBXBuildFile; fileRef = 0FCC490C1BAAA20A00A46C4B /* FacebookSDKStrings.bundle */; };
		0FCC490F1BAAA41C00A46C4B /* settings-screenshot.png in Resources */ = {isa = PBXBuildFile; fileRef = 0FCC490E1BAAA41C00A46C4B /* settings-screenshot.png */; settings = {ASSET_TAGS = (); }; };
/* End PBXBuildFile section */

/* Begin PBXContainerItemProxy section */
		0FCC48DE1BAA9F1300A46C4B /* PBXContainerItemProxy */ = {
			isa = PBXContainerItemProxy;
			containerPortal = 0F053E2C1B93D03000A9EFBC /* Project object */;
			proxyType = 1;
			remoteGlobalIDString = 0FCC48D61BAA9F1200A46C4B;
			remoteInfo = "Block-Ads";
		};
		0FCC48F41BAA9FAA00A46C4B /* PBXContainerItemProxy */ = {
			isa = PBXContainerItemProxy;
			containerPortal = 0F053E2C1B93D03000A9EFBC /* Project object */;
			proxyType = 1;
			remoteGlobalIDString = 0FCC48EC1BAA9FAA00A46C4B;
			remoteInfo = "Block Trackers";
		};
/* End PBXContainerItemProxy section */

/* Begin PBXCopyFilesBuildPhase section */
		0F7C7EC11BAA9D22005D85CD /* Embed App Extensions */ = {
			isa = PBXCopyFilesBuildPhase;
			buildActionMask = 2147483647;
			dstPath = "";
			dstSubfolderSpec = 13;
			files = (
				0FCC48F61BAA9FAA00A46C4B /* Block Trackers.appex in Embed App Extensions */,
				0FCC48E01BAA9F1300A46C4B /* Block Ads.appex in Embed App Extensions */,
			);
			name = "Embed App Extensions";
			runOnlyForDeploymentPostprocessing = 0;
		};
/* End PBXCopyFilesBuildPhase section */

/* Begin PBXFileReference section */
		0F053E341B93D03000A9EFBC /* Antelope.app */ = {isa = PBXFileReference; explicitFileType = wrapper.application; includeInIndex = 0; path = Antelope.app; sourceTree = BUILT_PRODUCTS_DIR; };
		0F053E821B94066F00A9EFBC /* SafariServices.framework */ = {isa = PBXFileReference; lastKnownFileType = wrapper.framework; name = SafariServices.framework; path = System/Library/Frameworks/SafariServices.framework; sourceTree = SDKROOT; };
		0F7C7E2A1BAA9013005D85CD /* ShareViewController.swift */ = {isa = PBXFileReference; fileEncoding = 4; lastKnownFileType = sourcecode.swift; name = ShareViewController.swift; path = Antelope/ShareViewController.swift; sourceTree = SOURCE_ROOT; };
		0F7C7E2B1BAA9013005D85CD /* TutorialStep.swift */ = {isa = PBXFileReference; fileEncoding = 4; lastKnownFileType = sourcecode.swift; name = TutorialStep.swift; path = Antelope/TutorialStep.swift; sourceTree = SOURCE_ROOT; };
		0F7C7E2C1BAA9013005D85CD /* TutorialStepFour.swift */ = {isa = PBXFileReference; fileEncoding = 4; lastKnownFileType = sourcecode.swift; name = TutorialStepFour.swift; path = Antelope/TutorialStepFour.swift; sourceTree = SOURCE_ROOT; };
		0F7C7E2D1BAA9013005D85CD /* TutorialStepOne.swift */ = {isa = PBXFileReference; fileEncoding = 4; lastKnownFileType = sourcecode.swift; name = TutorialStepOne.swift; path = Antelope/TutorialStepOne.swift; sourceTree = SOURCE_ROOT; };
		0F7C7E2E1BAA9013005D85CD /* TutorialStepThree.swift */ = {isa = PBXFileReference; fileEncoding = 4; lastKnownFileType = sourcecode.swift; name = TutorialStepThree.swift; path = Antelope/TutorialStepThree.swift; sourceTree = SOURCE_ROOT; };
		0F7C7E2F1BAA9013005D85CD /* TutorialStepTwo.swift */ = {isa = PBXFileReference; fileEncoding = 4; lastKnownFileType = sourcecode.swift; name = TutorialStepTwo.swift; path = Antelope/TutorialStepTwo.swift; sourceTree = SOURCE_ROOT; };
		0F7C7E301BAA9013005D85CD /* TutorialStepZero.swift */ = {isa = PBXFileReference; fileEncoding = 4; lastKnownFileType = sourcecode.swift; name = TutorialStepZero.swift; path = Antelope/TutorialStepZero.swift; sourceTree = SOURCE_ROOT; };
		0F7C7E311BAA9013005D85CD /* TutorialViewController.swift */ = {isa = PBXFileReference; fileEncoding = 4; lastKnownFileType = sourcecode.swift; name = TutorialViewController.swift; path = Antelope/TutorialViewController.swift; sourceTree = SOURCE_ROOT; };
		0F7C7E3A1BAA9031005D85CD /* Antelope-Bridging-Header.h */ = {isa = PBXFileReference; fileEncoding = 4; lastKnownFileType = sourcecode.c.h; name = "Antelope-Bridging-Header.h"; path = "Antelope/Antelope-Bridging-Header.h"; sourceTree = SOURCE_ROOT; };
		0F7C7E3B1BAA9031005D85CD /* AntelopeColors.swift */ = {isa = PBXFileReference; fileEncoding = 4; lastKnownFileType = sourcecode.swift; name = AntelopeColors.swift; path = Antelope/AntelopeColors.swift; sourceTree = SOURCE_ROOT; };
		0F7C7E3C1BAA9031005D85CD /* AppDelegate.swift */ = {isa = PBXFileReference; fileEncoding = 4; lastKnownFileType = sourcecode.swift; name = AppDelegate.swift; path = Antelope/AppDelegate.swift; sourceTree = SOURCE_ROOT; };
		0F7C7E3D1BAA9031005D85CD /* Assets.xcassets */ = {isa = PBXFileReference; lastKnownFileType = folder.assetcatalog; name = Assets.xcassets; path = Antelope/Assets.xcassets; sourceTree = SOURCE_ROOT; };
		0F7C7E401BAA9031005D85CD /* Base */ = {isa = PBXFileReference; lastKnownFileType = file.storyboard; name = Base; path = Main.storyboard; sourceTree = "<group>"; };
		0F7C7E411BAA9031005D85CD /* Info.plist */ = {isa = PBXFileReference; fileEncoding = 4; lastKnownFileType = text.plist.xml; name = Info.plist; path = Antelope/Info.plist; sourceTree = SOURCE_ROOT; };
		0F7C7E421BAA9031005D85CD /* LaunchScreen.storyboard */ = {isa = PBXFileReference; fileEncoding = 4; lastKnownFileType = file.storyboard; name = LaunchScreen.storyboard; path = Antelope/LaunchScreen.storyboard; sourceTree = SOURCE_ROOT; };
		0F7C7E431BAA9031005D85CD /* MainViewController.swift */ = {isa = PBXFileReference; fileEncoding = 4; lastKnownFileType = sourcecode.swift; name = MainViewController.swift; path = Antelope/MainViewController.swift; sourceTree = SOURCE_ROOT; };
		0F7C7E461BAA9031005D85CD /* ScrollViewController.swift */ = {isa = PBXFileReference; fileEncoding = 4; lastKnownFileType = sourcecode.swift; name = ScrollViewController.swift; path = Antelope/ScrollViewController.swift; sourceTree = SOURCE_ROOT; };
		0FCC48D71BAA9F1200A46C4B /* Block Ads.appex */ = {isa = PBXFileReference; explicitFileType = "wrapper.app-extension"; includeInIndex = 0; path = "Block Ads.appex"; sourceTree = BUILT_PRODUCTS_DIR; };
		0FCC48DD1BAA9F1300A46C4B /* Info.plist */ = {isa = PBXFileReference; lastKnownFileType = text.plist.xml; path = Info.plist; sourceTree = "<group>"; };
		0FCC48E51BAA9F5500A46C4B /* ActionRequestHandler.swift */ = {isa = PBXFileReference; fileEncoding = 4; lastKnownFileType = sourcecode.swift; path = ActionRequestHandler.swift; sourceTree = "<group>"; };
		0FCC48E61BAA9F5500A46C4B /* blockerList.json */ = {isa = PBXFileReference; fileEncoding = 4; lastKnownFileType = text.json; path = blockerList.json; sourceTree = "<group>"; };
		0FCC48ED1BAA9FAA00A46C4B /* Block Trackers.appex */ = {isa = PBXFileReference; explicitFileType = "wrapper.app-extension"; includeInIndex = 0; path = "Block Trackers.appex"; sourceTree = BUILT_PRODUCTS_DIR; };
		0FCC48F31BAA9FAA00A46C4B /* Info.plist */ = {isa = PBXFileReference; lastKnownFileType = text.plist.xml; path = Info.plist; sourceTree = "<group>"; };
		0FCC48FA1BAA9FCA00A46C4B /* privacyList.json */ = {isa = PBXFileReference; fileEncoding = 4; lastKnownFileType = text.json; path = privacyList.json; sourceTree = "<group>"; };
		0FCC48FC1BAA9FD100A46C4B /* ActionRequestHandler.swift */ = {isa = PBXFileReference; fileEncoding = 4; lastKnownFileType = sourcecode.swift; path = ActionRequestHandler.swift; sourceTree = "<group>"; };
		0FCC48FF1BAAA0C000A46C4B /* FBAudienceNetwork.framework */ = {isa = PBXFileReference; lastKnownFileType = wrapper.framework; name = FBAudienceNetwork.framework; path = Antelope/Frameworks/FBAudienceNetwork.framework; sourceTree = "<group>"; };
		0FCC49001BAAA0C000A46C4B /* FBSDKCoreKit.framework */ = {isa = PBXFileReference; lastKnownFileType = wrapper.framework; name = FBSDKCoreKit.framework; path = Antelope/Frameworks/FBSDKCoreKit.framework; sourceTree = "<group>"; };
		0FCC49011BAAA0C000A46C4B /* FBSDKLoginKit.framework */ = {isa = PBXFileReference; lastKnownFileType = wrapper.framework; name = FBSDKLoginKit.framework; path = ../../../../../../../../../Users/adamgluck/Desktop/Projects/AdShield/Antelope/Antelope/Frameworks/FBSDKLoginKit.framework; sourceTree = SDKROOT; };
		0FCC49021BAAA0C000A46C4B /* FBSDKMessengerShareKit.framework */ = {isa = PBXFileReference; lastKnownFileType = wrapper.framework; name = FBSDKMessengerShareKit.framework; path = Antelope/Frameworks/FBSDKMessengerShareKit.framework; sourceTree = "<group>"; };
		0FCC49031BAAA0C000A46C4B /* FBSDKShareKit.framework */ = {isa = PBXFileReference; lastKnownFileType = wrapper.framework; name = FBSDKShareKit.framework; path = Antelope/Frameworks/FBSDKShareKit.framework; sourceTree = "<group>"; };
		0FCC490A1BAAA0C800A46C4B /* Bolts.framework */ = {isa = PBXFileReference; lastKnownFileType = wrapper.framework; name = Bolts.framework; path = Antelope/Frameworks/Bolts.framework; sourceTree = "<group>"; };
		0FCC490C1BAAA20A00A46C4B /* FacebookSDKStrings.bundle */ = {isa = PBXFileReference; lastKnownFileType = "wrapper.plug-in"; name = FacebookSDKStrings.bundle; path = ../../../../../../../../../Users/adamgluck/Desktop/Projects/AdShield/Antelope/Antelope/Antelope/FacebookSDKStrings.bundle; sourceTree = SDKROOT; };
		0FCC490E1BAAA41C00A46C4B /* settings-screenshot.png */ = {isa = PBXFileReference; lastKnownFileType = image.png; name = "settings-screenshot.png"; path = "Antelope/settings-screenshot.png"; sourceTree = SOURCE_ROOT; };
/* End PBXFileReference section */

/* Begin PBXFrameworksBuildPhase section */
		0F053E311B93D03000A9EFBC /* Frameworks */ = {
			isa = PBXFrameworksBuildPhase;
			buildActionMask = 2147483647;
			files = (
				0F7C7E931BAA9456005D85CD /* SafariServices.framework in Frameworks */,
				0FCC49061BAAA0C000A46C4B /* FBSDKCoreKit.framework in Frameworks */,
				0FCC49091BAAA0C000A46C4B /* FBSDKShareKit.framework in Frameworks */,
				0FCC49081BAAA0C000A46C4B /* FBSDKMessengerShareKit.framework in Frameworks */,
				0FCC49071BAAA0C000A46C4B /* FBSDKLoginKit.framework in Frameworks */,
				0FCC49051BAAA0C000A46C4B /* FBAudienceNetwork.framework in Frameworks */,
				0FCC490B1BAAA0C800A46C4B /* Bolts.framework in Frameworks */,
			);
			runOnlyForDeploymentPostprocessing = 0;
		};
		0FCC48D41BAA9F1200A46C4B /* Frameworks */ = {
			isa = PBXFrameworksBuildPhase;
			buildActionMask = 2147483647;
			files = (
			);
			runOnlyForDeploymentPostprocessing = 0;
		};
		0FCC48EA1BAA9FAA00A46C4B /* Frameworks */ = {
			isa = PBXFrameworksBuildPhase;
			buildActionMask = 2147483647;
			files = (
			);
			runOnlyForDeploymentPostprocessing = 0;
		};
/* End PBXFrameworksBuildPhase section */

/* Begin PBXGroup section */
		0F053E2B1B93D03000A9EFBC = {
			isa = PBXGroup;
			children = (
				0F053E361B93D03000A9EFBC /* Antelope */,
				0FCC48D81BAA9F1300A46C4B /* Block Ads */,
				0FCC48EE1BAA9FAA00A46C4B /* Block Trackers */,
				0F053E351B93D03000A9EFBC /* Products */,
			);
			sourceTree = "<group>";
		};
		0F053E351B93D03000A9EFBC /* Products */ = {
			isa = PBXGroup;
			children = (
				0F053E341B93D03000A9EFBC /* Antelope.app */,
				0FCC48D71BAA9F1200A46C4B /* Block Ads.appex */,
				0FCC48ED1BAA9FAA00A46C4B /* Block Trackers.appex */,
			);
			name = Products;
			sourceTree = "<group>";
		};
		0F053E361B93D03000A9EFBC /* Antelope */ = {
			isa = PBXGroup;
			children = (
				0FCC490E1BAAA41C00A46C4B /* settings-screenshot.png */,
				0F7C7E3B1BAA9031005D85CD /* AntelopeColors.swift */,
				0F7C7E3C1BAA9031005D85CD /* AppDelegate.swift */,
				0F7C7E421BAA9031005D85CD /* LaunchScreen.storyboard */,
				0F7C7E431BAA9031005D85CD /* MainViewController.swift */,
				0F7C7E461BAA9031005D85CD /* ScrollViewController.swift */,
				0F7C7E2A1BAA9013005D85CD /* ShareViewController.swift */,
				0F7C7E311BAA9013005D85CD /* TutorialViewController.swift */,
				0F053E7D1B93EDA400A9EFBC /* ObjC */,
				D4FF1E681B990BAA00712B70 /* TutorialSteps */,
				0F7C7E3E1BAA9031005D85CD /* Base.lproj */,
				0F7C7E411BAA9031005D85CD /* Info.plist */,
				0F7C7E3D1BAA9031005D85CD /* Assets.xcassets */,
				0F053E841B94067C00A9EFBC /* Frameworks */,
			);
			name = Antelope;
			path = AdShield;
			sourceTree = "<group>";
		};
		0F053E7D1B93EDA400A9EFBC /* ObjC */ = {
			isa = PBXGroup;
			children = (
				0F7C7E3A1BAA9031005D85CD /* Antelope-Bridging-Header.h */,
			);
			name = ObjC;
			sourceTree = "<group>";
		};
		0F053E841B94067C00A9EFBC /* Frameworks */ = {
			isa = PBXGroup;
			children = (
				0FF518491BA15FC5006069CC /* Facebook SDK iOS 9 Beta */,
				0F053E821B94066F00A9EFBC /* SafariServices.framework */,
			);
			name = Frameworks;
			path = ..;
			sourceTree = "<group>";
		};
		0F7C7E3E1BAA9031005D85CD /* Base.lproj */ = {
			isa = PBXGroup;
			children = (
				0F7C7E3F1BAA9031005D85CD /* Main.storyboard */,
			);
			name = Base.lproj;
			path = Antelope/Base.lproj;
			sourceTree = SOURCE_ROOT;
		};
		0FCC48D81BAA9F1300A46C4B /* Block Ads */ = {
			isa = PBXGroup;
			children = (
				0FCC48E51BAA9F5500A46C4B /* ActionRequestHandler.swift */,
				0FCC48E61BAA9F5500A46C4B /* blockerList.json */,
				0FCC48DD1BAA9F1300A46C4B /* Info.plist */,
			);
			name = "Block Ads";
			path = "Block-Ads";
			sourceTree = "<group>";
		};
		0FCC48EE1BAA9FAA00A46C4B /* Block Trackers */ = {
			isa = PBXGroup;
			children = (
				0FCC48FC1BAA9FD100A46C4B /* ActionRequestHandler.swift */,
				0FCC48FA1BAA9FCA00A46C4B /* privacyList.json */,
				0FCC48F31BAA9FAA00A46C4B /* Info.plist */,
			);
			path = "Block Trackers";
			sourceTree = "<group>";
		};
		0FF518491BA15FC5006069CC /* Facebook SDK iOS 9 Beta */ = {
			isa = PBXGroup;
			children = (
				0FCC490C1BAAA20A00A46C4B /* FacebookSDKStrings.bundle */,
				0FCC490A1BAAA0C800A46C4B /* Bolts.framework */,
				0FCC48FF1BAAA0C000A46C4B /* FBAudienceNetwork.framework */,
				0FCC49001BAAA0C000A46C4B /* FBSDKCoreKit.framework */,
				0FCC49011BAAA0C000A46C4B /* FBSDKLoginKit.framework */,
				0FCC49021BAAA0C000A46C4B /* FBSDKMessengerShareKit.framework */,
				0FCC49031BAAA0C000A46C4B /* FBSDKShareKit.framework */,
			);
			name = "Facebook SDK iOS 9 Beta";
			sourceTree = "<group>";
		};
		D4FF1E681B990BAA00712B70 /* TutorialSteps */ = {
			isa = PBXGroup;
			children = (
				0F7C7E2B1BAA9013005D85CD /* TutorialStep.swift */,
				0F7C7E2C1BAA9013005D85CD /* TutorialStepFour.swift */,
				0F7C7E2D1BAA9013005D85CD /* TutorialStepOne.swift */,
				0F7C7E2E1BAA9013005D85CD /* TutorialStepThree.swift */,
				0F7C7E2F1BAA9013005D85CD /* TutorialStepTwo.swift */,
				0F7C7E301BAA9013005D85CD /* TutorialStepZero.swift */,
			);
			name = TutorialSteps;
			sourceTree = "<group>";
		};
/* End PBXGroup section */

/* Begin PBXNativeTarget section */
		0F053E331B93D03000A9EFBC /* Antelope */ = {
			isa = PBXNativeTarget;
			buildConfigurationList = 0F053E5C1B93D03000A9EFBC /* Build configuration list for PBXNativeTarget "Antelope" */;
			buildPhases = (
				0F053E301B93D03000A9EFBC /* Sources */,
				0F053E311B93D03000A9EFBC /* Frameworks */,
				0F053E321B93D03000A9EFBC /* Resources */,
				0F7C7EC11BAA9D22005D85CD /* Embed App Extensions */,
			);
			buildRules = (
			);
			dependencies = (
				0FCC48DF1BAA9F1300A46C4B /* PBXTargetDependency */,
				0FCC48F51BAA9FAA00A46C4B /* PBXTargetDependency */,
			);
			name = Antelope;
			productName = AdShield;
			productReference = 0F053E341B93D03000A9EFBC /* Antelope.app */;
			productType = "com.apple.product-type.application";
		};
		0FCC48D61BAA9F1200A46C4B /* Block Ads */ = {
			isa = PBXNativeTarget;
			buildConfigurationList = 0FCC48E11BAA9F1300A46C4B /* Build configuration list for PBXNativeTarget "Block Ads" */;
			buildPhases = (
				0FCC48D31BAA9F1200A46C4B /* Sources */,
				0FCC48D41BAA9F1200A46C4B /* Frameworks */,
				0FCC48D51BAA9F1200A46C4B /* Resources */,
			);
			buildRules = (
			);
			dependencies = (
			);
			name = "Block Ads";
			productName = "Block-Ads";
			productReference = 0FCC48D71BAA9F1200A46C4B /* Block Ads.appex */;
			productType = "com.apple.product-type.app-extension";
		};
		0FCC48EC1BAA9FAA00A46C4B /* Block Trackers */ = {
			isa = PBXNativeTarget;
			buildConfigurationList = 0FCC48F71BAA9FAB00A46C4B /* Build configuration list for PBXNativeTarget "Block Trackers" */;
			buildPhases = (
				0FCC48E91BAA9FAA00A46C4B /* Sources */,
				0FCC48EA1BAA9FAA00A46C4B /* Frameworks */,
				0FCC48EB1BAA9FAA00A46C4B /* Resources */,
			);
			buildRules = (
			);
			dependencies = (
			);
			name = "Block Trackers";
			productName = "Block Trackers";
			productReference = 0FCC48ED1BAA9FAA00A46C4B /* Block Trackers.appex */;
			productType = "com.apple.product-type.app-extension";
		};
/* End PBXNativeTarget section */

/* Begin PBXProject section */
		0F053E2C1B93D03000A9EFBC /* Project object */ = {
			isa = PBXProject;
			attributes = {
				LastSwiftUpdateCheck = 0700;
				LastUpgradeCheck = 0700;
				ORGANIZATIONNAME = AdShield;
				TargetAttributes = {
					0F053E331B93D03000A9EFBC = {
						CreatedOnToolsVersion = 7.0;
						DevelopmentTeam = VPTZL53UP2;
					};
					0FCC48D61BAA9F1200A46C4B = {
						CreatedOnToolsVersion = 7.0;
						DevelopmentTeam = VPTZL53UP2;
					};
					0FCC48EC1BAA9FAA00A46C4B = {
						CreatedOnToolsVersion = 7.0;
						DevelopmentTeam = VPTZL53UP2;
					};
				};
			};
			buildConfigurationList = 0F053E2F1B93D03000A9EFBC /* Build configuration list for PBXProject "Antelope" */;
			compatibilityVersion = "Xcode 3.2";
			developmentRegion = English;
			hasScannedForEncodings = 0;
			knownRegions = (
				en,
				Base,
			);
			mainGroup = 0F053E2B1B93D03000A9EFBC;
			productRefGroup = 0F053E351B93D03000A9EFBC /* Products */;
			projectDirPath = "";
			projectRoot = "";
			targets = (
				0F053E331B93D03000A9EFBC /* Antelope */,
				0FCC48D61BAA9F1200A46C4B /* Block Ads */,
				0FCC48EC1BAA9FAA00A46C4B /* Block Trackers */,
			);
		};
/* End PBXProject section */

/* Begin PBXResourcesBuildPhase section */
		0F053E321B93D03000A9EFBC /* Resources */ = {
			isa = PBXResourcesBuildPhase;
			buildActionMask = 2147483647;
			files = (
				0FCC490F1BAAA41C00A46C4B /* settings-screenshot.png in Resources */,
				0FCC490D1BAAA20A00A46C4B /* FacebookSDKStrings.bundle in Resources */,
				0F7C7E4A1BAA9031005D85CD /* Main.storyboard in Resources */,
				0F7C7E491BAA9031005D85CD /* Assets.xcassets in Resources */,
				0F7C7E4C1BAA9031005D85CD /* LaunchScreen.storyboard in Resources */,
			);
			runOnlyForDeploymentPostprocessing = 0;
		};
		0FCC48D51BAA9F1200A46C4B /* Resources */ = {
			isa = PBXResourcesBuildPhase;
			buildActionMask = 2147483647;
			files = (
				0FCC48E81BAA9F5500A46C4B /* blockerList.json in Resources */,
			);
			runOnlyForDeploymentPostprocessing = 0;
		};
		0FCC48EB1BAA9FAA00A46C4B /* Resources */ = {
			isa = PBXResourcesBuildPhase;
			buildActionMask = 2147483647;
			files = (
				0FCC48FB1BAA9FCA00A46C4B /* privacyList.json in Resources */,
			);
			runOnlyForDeploymentPostprocessing = 0;
		};
/* End PBXResourcesBuildPhase section */

/* Begin PBXSourcesBuildPhase section */
		0F053E301B93D03000A9EFBC /* Sources */ = {
			isa = PBXSourcesBuildPhase;
			buildActionMask = 2147483647;
			files = (
				0F7C7E321BAA9013005D85CD /* ShareViewController.swift in Sources */,
				0F7C7E4D1BAA9031005D85CD /* MainViewController.swift in Sources */,
				0F7C7E331BAA9013005D85CD /* TutorialStep.swift in Sources */,
				0F7C7E381BAA9013005D85CD /* TutorialStepZero.swift in Sources */,
				0F7C7E391BAA9013005D85CD /* TutorialViewController.swift in Sources */,
				0F7C7E351BAA9013005D85CD /* TutorialStepOne.swift in Sources */,
				0F7C7E4F1BAA9031005D85CD /* ScrollViewController.swift in Sources */,
				0F7C7E471BAA9031005D85CD /* AntelopeColors.swift in Sources */,
				0F7C7E371BAA9013005D85CD /* TutorialStepTwo.swift in Sources */,
				0F7C7E341BAA9013005D85CD /* TutorialStepFour.swift in Sources */,
				0F7C7E481BAA9031005D85CD /* AppDelegate.swift in Sources */,
				0F7C7E361BAA9013005D85CD /* TutorialStepThree.swift in Sources */,
			);
			runOnlyForDeploymentPostprocessing = 0;
		};
		0FCC48D31BAA9F1200A46C4B /* Sources */ = {
			isa = PBXSourcesBuildPhase;
			buildActionMask = 2147483647;
			files = (
				0FCC48E71BAA9F5500A46C4B /* ActionRequestHandler.swift in Sources */,
			);
			runOnlyForDeploymentPostprocessing = 0;
		};
		0FCC48E91BAA9FAA00A46C4B /* Sources */ = {
			isa = PBXSourcesBuildPhase;
			buildActionMask = 2147483647;
			files = (
				0FCC48FD1BAA9FD100A46C4B /* ActionRequestHandler.swift in Sources */,
			);
			runOnlyForDeploymentPostprocessing = 0;
		};
/* End PBXSourcesBuildPhase section */

/* Begin PBXTargetDependency section */
		0FCC48DF1BAA9F1300A46C4B /* PBXTargetDependency */ = {
			isa = PBXTargetDependency;
			target = 0FCC48D61BAA9F1200A46C4B /* Block Ads */;
			targetProxy = 0FCC48DE1BAA9F1300A46C4B /* PBXContainerItemProxy */;
		};
		0FCC48F51BAA9FAA00A46C4B /* PBXTargetDependency */ = {
			isa = PBXTargetDependency;
			target = 0FCC48EC1BAA9FAA00A46C4B /* Block Trackers */;
			targetProxy = 0FCC48F41BAA9FAA00A46C4B /* PBXContainerItemProxy */;
		};
/* End PBXTargetDependency section */

/* Begin PBXVariantGroup section */
		0F7C7E3F1BAA9031005D85CD /* Main.storyboard */ = {
			isa = PBXVariantGroup;
			children = (
				0F7C7E401BAA9031005D85CD /* Base */,
			);
			name = Main.storyboard;
			sourceTree = "<group>";
		};
/* End PBXVariantGroup section */

/* Begin XCBuildConfiguration section */
		0F053E5A1B93D03000A9EFBC /* Debug */ = {
			isa = XCBuildConfiguration;
			buildSettings = {
				ALWAYS_SEARCH_USER_PATHS = NO;
				CLANG_CXX_LANGUAGE_STANDARD = "gnu++0x";
				CLANG_CXX_LIBRARY = "libc++";
				CLANG_ENABLE_MODULES = YES;
				CLANG_ENABLE_OBJC_ARC = YES;
				CLANG_WARN_BOOL_CONVERSION = YES;
				CLANG_WARN_CONSTANT_CONVERSION = YES;
				CLANG_WARN_DIRECT_OBJC_ISA_USAGE = YES_ERROR;
				CLANG_WARN_EMPTY_BODY = YES;
				CLANG_WARN_ENUM_CONVERSION = YES;
				CLANG_WARN_INT_CONVERSION = YES;
				CLANG_WARN_OBJC_ROOT_CLASS = YES_ERROR;
				CLANG_WARN_UNREACHABLE_CODE = YES;
				CLANG_WARN__DUPLICATE_METHOD_MATCH = YES;
				"CODE_SIGN_IDENTITY[sdk=iphoneos*]" = "iPhone Developer";
				CONFIGURATION_BUILD_DIR = "$(BUILD_DIR)/$(CONFIGURATION)$(EFFECTIVE_PLATFORM_NAME)";
				COPY_PHASE_STRIP = NO;
				DEBUG_INFORMATION_FORMAT = dwarf;
				ENABLE_STRICT_OBJC_MSGSEND = YES;
				ENABLE_TESTABILITY = YES;
				GCC_C_LANGUAGE_STANDARD = gnu99;
				GCC_DYNAMIC_NO_PIC = NO;
				GCC_NO_COMMON_BLOCKS = YES;
				GCC_OPTIMIZATION_LEVEL = 0;
				GCC_PREPROCESSOR_DEFINITIONS = (
					"DEBUG=1",
					"$(inherited)",
				);
				GCC_WARN_64_TO_32_BIT_CONVERSION = YES;
				GCC_WARN_ABOUT_RETURN_TYPE = YES_ERROR;
				GCC_WARN_UNDECLARED_SELECTOR = YES;
				GCC_WARN_UNINITIALIZED_AUTOS = YES_AGGRESSIVE;
				GCC_WARN_UNUSED_FUNCTION = YES;
				GCC_WARN_UNUSED_VARIABLE = YES;
				IPHONEOS_DEPLOYMENT_TARGET = 9.0;
				MTL_ENABLE_DEBUG_INFO = YES;
				ONLY_ACTIVE_ARCH = YES;
				SDKROOT = iphoneos;
				SWIFT_OPTIMIZATION_LEVEL = "-Onone";
			};
			name = Debug;
		};
		0F053E5B1B93D03000A9EFBC /* Release */ = {
			isa = XCBuildConfiguration;
			buildSettings = {
				ALWAYS_SEARCH_USER_PATHS = NO;
				CLANG_CXX_LANGUAGE_STANDARD = "gnu++0x";
				CLANG_CXX_LIBRARY = "libc++";
				CLANG_ENABLE_MODULES = YES;
				CLANG_ENABLE_OBJC_ARC = YES;
				CLANG_WARN_BOOL_CONVERSION = YES;
				CLANG_WARN_CONSTANT_CONVERSION = YES;
				CLANG_WARN_DIRECT_OBJC_ISA_USAGE = YES_ERROR;
				CLANG_WARN_EMPTY_BODY = YES;
				CLANG_WARN_ENUM_CONVERSION = YES;
				CLANG_WARN_INT_CONVERSION = YES;
				CLANG_WARN_OBJC_ROOT_CLASS = YES_ERROR;
				CLANG_WARN_UNREACHABLE_CODE = YES;
				CLANG_WARN__DUPLICATE_METHOD_MATCH = YES;
				"CODE_SIGN_IDENTITY[sdk=iphoneos*]" = "iPhone Developer";
				COPY_PHASE_STRIP = NO;
				DEBUG_INFORMATION_FORMAT = "dwarf-with-dsym";
				ENABLE_NS_ASSERTIONS = NO;
				ENABLE_STRICT_OBJC_MSGSEND = YES;
				GCC_C_LANGUAGE_STANDARD = gnu99;
				GCC_NO_COMMON_BLOCKS = YES;
				GCC_WARN_64_TO_32_BIT_CONVERSION = YES;
				GCC_WARN_ABOUT_RETURN_TYPE = YES_ERROR;
				GCC_WARN_UNDECLARED_SELECTOR = YES;
				GCC_WARN_UNINITIALIZED_AUTOS = YES_AGGRESSIVE;
				GCC_WARN_UNUSED_FUNCTION = YES;
				GCC_WARN_UNUSED_VARIABLE = YES;
				IPHONEOS_DEPLOYMENT_TARGET = 9.0;
				MTL_ENABLE_DEBUG_INFO = NO;
				SDKROOT = iphoneos;
				VALIDATE_PRODUCT = YES;
			};
			name = Release;
		};
		0F053E5D1B93D03000A9EFBC /* Debug */ = {
			isa = XCBuildConfiguration;
			buildSettings = {
				ARCHS = arm64;
				ASSETCATALOG_COMPILER_APPICON_NAME = AppIcon;
				CLANG_ENABLE_MODULES = YES;
				CODE_SIGN_IDENTITY = "iPhone Developer";
				"CODE_SIGN_IDENTITY[sdk=iphoneos*]" = "iPhone Developer";
				EMBEDDED_CONTENT_CONTAINS_SWIFT = YES;
				FRAMEWORK_SEARCH_PATHS = (
					"$(inherited)",
					"$(PROJECT_DIR)",
					"$(PROJECT_DIR)/Frameworks",
				);
				INFOPLIST_FILE = Antelope/Info.plist;
				LD_RUNPATH_SEARCH_PATHS = "$(inherited) @executable_path/Frameworks";
				PRODUCT_BUNDLE_IDENTIFIER = "com.antelope.Antelope-Ad-Blocker";
				PRODUCT_NAME = "$(TARGET_NAME)";
				PROVISIONING_PROFILE = "";
				SWIFT_OBJC_BRIDGING_HEADER = "Antelope/Antelope-Bridging-Header.h";
				SWIFT_OPTIMIZATION_LEVEL = "-Onone";
				TARGETED_DEVICE_FAMILY = 1;
				VALID_ARCHS = arm64;
			};
			name = Debug;
		};
		0F053E5E1B93D03000A9EFBC /* Release */ = {
			isa = XCBuildConfiguration;
			buildSettings = {
				ARCHS = arm64;
				ASSETCATALOG_COMPILER_APPICON_NAME = AppIcon;
				CLANG_ENABLE_MODULES = YES;
				CODE_SIGN_IDENTITY = "iPhone Developer";
				"CODE_SIGN_IDENTITY[sdk=iphoneos*]" = "iPhone Developer";
				EMBEDDED_CONTENT_CONTAINS_SWIFT = YES;
				FRAMEWORK_SEARCH_PATHS = (
					"$(inherited)",
					"$(PROJECT_DIR)",
					"$(PROJECT_DIR)/Frameworks",
				);
				INFOPLIST_FILE = Antelope/Info.plist;
				LD_RUNPATH_SEARCH_PATHS = "$(inherited) @executable_path/Frameworks";
				PRODUCT_BUNDLE_IDENTIFIER = "com.antelope.Antelope-Ad-Blocker";
				PRODUCT_NAME = "$(TARGET_NAME)";
				PROVISIONING_PROFILE = "";
				SWIFT_OBJC_BRIDGING_HEADER = "Antelope/Antelope-Bridging-Header.h";
				TARGETED_DEVICE_FAMILY = 1;
				VALID_ARCHS = arm64;
			};
			name = Release;
		};
		0FCC48E21BAA9F1300A46C4B /* Debug */ = {
			isa = XCBuildConfiguration;
			buildSettings = {
				ARCHS = "$(ARCHS_STANDARD_64_BIT)";
				CLANG_ENABLE_MODULES = YES;
				CODE_SIGN_IDENTITY = "iPhone Developer";
				"CODE_SIGN_IDENTITY[sdk=iphoneos*]" = "iPhone Developer";
				INFOPLIST_FILE = "Block-Ads/Info.plist";
				LD_RUNPATH_SEARCH_PATHS = "$(inherited) @executable_path/Frameworks @executable_path/../../Frameworks";
				PRODUCT_BUNDLE_IDENTIFIER = "com.antelope.Antelope-Ad-Blocker.Block-Ads";
				PRODUCT_NAME = "$(TARGET_NAME)";
				SKIP_INSTALL = YES;
				SWIFT_OBJC_BRIDGING_HEADER = "";
				SWIFT_OPTIMIZATION_LEVEL = "-Onone";
			};
			name = Debug;
		};
		0FCC48E31BAA9F1300A46C4B /* Release */ = {
			isa = XCBuildConfiguration;
			buildSettings = {
				ARCHS = "$(ARCHS_STANDARD_64_BIT)";
				CLANG_ENABLE_MODULES = YES;
				CODE_SIGN_IDENTITY = "iPhone Developer";
				"CODE_SIGN_IDENTITY[sdk=iphoneos*]" = "iPhone Developer";
				INFOPLIST_FILE = "Block-Ads/Info.plist";
				LD_RUNPATH_SEARCH_PATHS = "$(inherited) @executable_path/Frameworks @executable_path/../../Frameworks";
				PRODUCT_BUNDLE_IDENTIFIER = "com.antelope.Antelope-Ad-Blocker.Block-Ads";
				PRODUCT_NAME = "$(TARGET_NAME)";
				SKIP_INSTALL = YES;
				SWIFT_OBJC_BRIDGING_HEADER = "";
			};
			name = Release;
		};
		0FCC48F81BAA9FAB00A46C4B /* Debug */ = {
			isa = XCBuildConfiguration;
			buildSettings = {
				ARCHS = "$(ARCHS_STANDARD_64_BIT)";
				CLANG_ENABLE_MODULES = YES;
				CODE_SIGN_IDENTITY = "iPhone Developer";
				"CODE_SIGN_IDENTITY[sdk=iphoneos*]" = "iPhone Developer";
				INFOPLIST_FILE = "Block Trackers/Info.plist";
				LD_RUNPATH_SEARCH_PATHS = "$(inherited) @executable_path/Frameworks @executable_path/../../Frameworks";
				PRODUCT_BUNDLE_IDENTIFIER = "com.antelope.Antelope-Ad-Blocker.Block-Trackers";
				PRODUCT_NAME = "$(TARGET_NAME)";
				SKIP_INSTALL = YES;
				SWIFT_OPTIMIZATION_LEVEL = "-Onone";
			};
			name = Debug;
		};
		0FCC48F91BAA9FAB00A46C4B /* Release */ = {
			isa = XCBuildConfiguration;
			buildSettings = {
				ARCHS = "$(ARCHS_STANDARD_64_BIT)";
				CLANG_ENABLE_MODULES = YES;
				CODE_SIGN_IDENTITY = "iPhone Developer";
				"CODE_SIGN_IDENTITY[sdk=iphoneos*]" = "iPhone Developer";
				INFOPLIST_FILE = "Block Trackers/Info.plist";
				LD_RUNPATH_SEARCH_PATHS = "$(inherited) @executable_path/Frameworks @executable_path/../../Frameworks";
				PRODUCT_BUNDLE_IDENTIFIER = "com.antelope.Antelope-Ad-Blocker.Block-Trackers";
				PRODUCT_NAME = "$(TARGET_NAME)";
				SKIP_INSTALL = YES;
			};
			name = Release;
		};
/* End XCBuildConfiguration section */

/* Begin XCConfigurationList section */
		0F053E2F1B93D03000A9EFBC /* Build configuration list for PBXProject "Antelope" */ = {
			isa = XCConfigurationList;
			buildConfigurations = (
				0F053E5A1B93D03000A9EFBC /* Debug */,
				0F053E5B1B93D03000A9EFBC /* Release */,
			);
			defaultConfigurationIsVisible = 0;
			defaultConfigurationName = Release;
		};
		0F053E5C1B93D03000A9EFBC /* Build configuration list for PBXNativeTarget "Antelope" */ = {
			isa = XCConfigurationList;
			buildConfigurations = (
				0F053E5D1B93D03000A9EFBC /* Debug */,
				0F053E5E1B93D03000A9EFBC /* Release */,
			);
			defaultConfigurationIsVisible = 0;
			defaultConfigurationName = Release;
		};
		0FCC48E11BAA9F1300A46C4B /* Build configuration list for PBXNativeTarget "Block Ads" */ = {
			isa = XCConfigurationList;
			buildConfigurations = (
				0FCC48E21BAA9F1300A46C4B /* Debug */,
				0FCC48E31BAA9F1300A46C4B /* Release */,
			);
			defaultConfigurationIsVisible = 0;
		};
		0FCC48F71BAA9FAB00A46C4B /* Build configuration list for PBXNativeTarget "Block Trackers" */ = {
			isa = XCConfigurationList;
			buildConfigurations = (
				0FCC48F81BAA9FAB00A46C4B /* Debug */,
				0FCC48F91BAA9FAB00A46C4B /* Release */,
			);
			defaultConfigurationIsVisible = 0;
		};
/* End XCConfigurationList section */
	};
	rootObject = 0F053E2C1B93D03000A9EFBC /* Project object */;
}
